
Microsoft Visual Studio Solution File, Format Version 12.00
# Visual Studio Version 17
VisualStudioVersion = 17.5.33502.453
MinimumVisualStudioVersion = 10.0.40219.1
Project("{FAE04EC0-301F-11D3-BF4B-00C04F79EFBC}") = "Йгшя", "Йгшя\Йгшя.csproj", "{7AD5B371-3EF9-43D1-A681-68B12CEDAE57}"
EndProject
Global
	GlobalSection(SolutionConfigurationPlatforms) = preSolution
		Debug|Any CPU = Debug|Any CPU
		Release|Any CPU = Release|Any CPU
	EndGlobalSection
	GlobalSection(ProjectConfigurationPlatforms) = postSolution
		{7AD5B371-3EF9-43D1-A681-68B12CEDAE57}.Debug|Any CPU.ActiveCfg = Debug|Any CPU
		{7AD5B371-3EF9-43D1-A681-68B12CEDAE57}.Debug|Any CPU.Build.0 = Debug|Any CPU
		{7AD5B371-3EF9-43D1-A681-68B12CEDAE57}.Release|Any CPU.ActiveCfg = Release|Any CPU
		{7AD5B371-3EF9-43D1-A681-68B12CEDAE57}.Release|Any CPU.Build.0 = Release|Any CPU
	EndGlobalSection
	GlobalSection(SolutionProperties) = preSolution
		HideSolutionNode = FALSE
	EndGlobalSection
	GlobalSection(ExtensibilityGlobals) = postSolution
		SolutionGuid = {02BBA1A2-C395-4A8B-ADA9-F6912656CA90}
	EndGlobalSection
EndGlobal
